
Microsoft Visual Studio Solution File, Format Version 12.00
# Visual Studio Version 16
VisualStudioVersion = 16.0.30011.22
MinimumVisualStudioVersion = 10.0.40219.1
Project("{FAE04EC0-301F-11D3-BF4B-00C04F79EFBC}") = "PptApplication", "PptApplication\PptApplication.csproj", "{E6005E65-EBAB-4351-8DA1-A8CFFD21DD66}"
EndProject
Global
	GlobalSection(SolutionConfigurationPlatforms) = preSolution
		Debug|Any CPU = Debug|Any CPU
		Release|Any CPU = Release|Any CPU
	EndGlobalSection
	GlobalSection(ProjectConfigurationPlatforms) = postSolution
		{E6005E65-EBAB-4351-8DA1-A8CFFD21DD66}.Debug|Any CPU.ActiveCfg = Debug|Any CPU
		{E6005E65-EBAB-4351-8DA1-A8CFFD21DD66}.Debug|Any CPU.Build.0 = Debug|Any CPU
		{E6005E65-EBAB-4351-8DA1-A8CFFD21DD66}.Release|Any CPU.ActiveCfg = Release|Any CPU
		{E6005E65-EBAB-4351-8DA1-A8CFFD21DD66}.Release|Any CPU.Build.0 = Release|Any CPU
	EndGlobalSection
	GlobalSection(SolutionProperties) = preSolution
		HideSolutionNode = FALSE
	EndGlobalSection
	GlobalSection(ExtensibilityGlobals) = postSolution
		SolutionGuid = {95014CF8-91C0-4E71-82F6-985A228E917B}
	EndGlobalSection
EndGlobal
